
Microsoft Visual Studio Solution File, Format Version 12.00
# Visual Studio Version 16
VisualStudioVersion = 16.0.29519.181
MinimumVisualStudioVersion = 10.0.40219.1
Project("{FAE04EC0-301F-11D3-BF4B-00C04F79EFBC}") = "Taxi", "Taxi.csproj", "{36D7F425-30A2-4DFB-98C3-952F34D2E334}"
EndProject
Global
	GlobalSection(SolutionConfigurationPlatforms) = preSolution
		Debug|Any CPU = Debug|Any CPU
		Release|Any CPU = Release|Any CPU
	EndGlobalSection
	GlobalSection(ProjectConfigurationPlatforms) = postSolution
		{36D7F425-30A2-4DFB-98C3-952F34D2E334}.Debug|Any CPU.ActiveCfg = Debug|Any CPU
		{36D7F425-30A2-4DFB-98C3-952F34D2E334}.Debug|Any CPU.Build.0 = Debug|Any CPU
		{36D7F425-30A2-4DFB-98C3-952F34D2E334}.Release|Any CPU.ActiveCfg = Release|Any CPU
		{36D7F425-30A2-4DFB-98C3-952F34D2E334}.Release|Any CPU.Build.0 = Release|Any CPU
	EndGlobalSection
	GlobalSection(SolutionProperties) = preSolution
		HideSolutionNode = FALSE
	EndGlobalSection
	GlobalSection(ExtensibilityGlobals) = postSolution
		SolutionGuid = {573CDBE6-1E8B-4DBB-9717-7C5C184AF10E}
	EndGlobalSection
EndGlobal
